
Microsoft Visual Studio Solution File, Format Version 12.00
Project("{FAE04EC0-301F-11D3-BF4B-00C04F79EFBC}") = "EliquidStore.API", "EliquidStore.API\EliquidStore.API.csproj", "{5D386231-3452-4D09-8202-FD8EE916323C}"
EndProject
Project("{FAE04EC0-301F-11D3-BF4B-00C04F79EFBC}") = "EliquidStore.Core", "EliquidStore.Core\EliquidStore.Core.csproj", "{EEDA3689-96AE-45B6-A5D2-35F657CB5BDB}"
EndProject
Project("{FAE04EC0-301F-11D3-BF4B-00C04F79EFBC}") = "EliquidStore.DataAccess", "EliquidStore.DataAccess\EliquidStore.DataAccess.csproj", "{89459E94-CA22-49BD-B9F7-4E8CB63E91A9}"
EndProject
Global
	GlobalSection(SolutionConfigurationPlatforms) = preSolution
		Debug|Any CPU = Debug|Any CPU
		Release|Any CPU = Release|Any CPU
	EndGlobalSection
	GlobalSection(ProjectConfigurationPlatforms) = postSolution
		{5D386231-3452-4D09-8202-FD8EE916323C}.Debug|Any CPU.ActiveCfg = Debug|Any CPU
		{5D386231-3452-4D09-8202-FD8EE916323C}.Debug|Any CPU.Build.0 = Debug|Any CPU
		{5D386231-3452-4D09-8202-FD8EE916323C}.Release|Any CPU.ActiveCfg = Release|Any CPU
		{5D386231-3452-4D09-8202-FD8EE916323C}.Release|Any CPU.Build.0 = Release|Any CPU
		{EEDA3689-96AE-45B6-A5D2-35F657CB5BDB}.Debug|Any CPU.ActiveCfg = Debug|Any CPU
		{EEDA3689-96AE-45B6-A5D2-35F657CB5BDB}.Debug|Any CPU.Build.0 = Debug|Any CPU
		{EEDA3689-96AE-45B6-A5D2-35F657CB5BDB}.Release|Any CPU.ActiveCfg = Release|Any CPU
		{EEDA3689-96AE-45B6-A5D2-35F657CB5BDB}.Release|Any CPU.Build.0 = Release|Any CPU
		{89459E94-CA22-49BD-B9F7-4E8CB63E91A9}.Debug|Any CPU.ActiveCfg = Debug|Any CPU
		{89459E94-CA22-49BD-B9F7-4E8CB63E91A9}.Debug|Any CPU.Build.0 = Debug|Any CPU
		{89459E94-CA22-49BD-B9F7-4E8CB63E91A9}.Release|Any CPU.ActiveCfg = Release|Any CPU
		{89459E94-CA22-49BD-B9F7-4E8CB63E91A9}.Release|Any CPU.Build.0 = Release|Any CPU
	EndGlobalSection
EndGlobal
